
Microsoft Visual Studio Solution File, Format Version 12.00
# Visual Studio Version 16
VisualStudioVersion = 16.0.29806.167
MinimumVisualStudioVersion = 10.0.40219.1
Project("{9A19103F-16F7-4668-BE54-9A1E7A4F7556}") = "QVZ.Api", "QVZ.Api\QVZ.Api.csproj", "{2BDC6452-F713-4A1C-B95F-EFB003D56FB0}"
EndProject
Project("{9A19103F-16F7-4668-BE54-9A1E7A4F7556}") = "QVZ.DAL", "QVZ.DAL\QVZ.DAL.csproj", "{215A6524-8826-4002-B869-06C0555D4FBE}"
EndProject
Project("{9A19103F-16F7-4668-BE54-9A1E7A4F7556}") = "QVZ.Api.Admin", "QVZ.Api.Admin\QVZ.Api.Admin.csproj", "{F4D32212-CD0A-4C51-BE47-3EE4186D2628}"
EndProject
Project("{2150E333-8FDC-42A3-9474-1A3956D46DE8}") = "Integrations", "Integrations", "{0F31895E-1A65-4417-9187-11AFE1065459}"
EndProject
Project("{2150E333-8FDC-42A3-9474-1A3956D46DE8}") = "Azure", "Azure", "{0BFD88AB-1E6A-40D9-9513-B230FC5B00B0}"
EndProject
Project("{9A19103F-16F7-4668-BE54-9A1E7A4F7556}") = "QVZ.Integrations.Azure.AzureAD", "QVZ.Integrations.Azure.AzureAD\QVZ.Integrations.Azure.AzureAD.csproj", "{691EA307-0A13-4D70-8510-FDC07907E01D}"
EndProject
Project("{2150E333-8FDC-42A3-9474-1A3956D46DE8}") = "DAL", "DAL", "{886746BD-EA06-4D88-8FA1-181E0347E678}"
EndProject
Project("{2150E333-8FDC-42A3-9474-1A3956D46DE8}") = "API", "API", "{A6B6EB41-769C-4569-A691-1BBBAA80C1DD}"
EndProject
Project("{9A19103F-16F7-4668-BE54-9A1E7A4F7556}") = "QVZ.Api.Shared", "QVZ.API.Shared\QVZ.Api.Shared.csproj", "{21C45968-EFFB-4B9E-9568-277BEDA82EC4}"
EndProject
Global
	GlobalSection(SolutionConfigurationPlatforms) = preSolution
		Debug|Any CPU = Debug|Any CPU
		Release|Any CPU = Release|Any CPU
	EndGlobalSection
	GlobalSection(ProjectConfigurationPlatforms) = postSolution
		{2BDC6452-F713-4A1C-B95F-EFB003D56FB0}.Debug|Any CPU.ActiveCfg = Debug|Any CPU
		{2BDC6452-F713-4A1C-B95F-EFB003D56FB0}.Debug|Any CPU.Build.0 = Debug|Any CPU
		{2BDC6452-F713-4A1C-B95F-EFB003D56FB0}.Release|Any CPU.ActiveCfg = Release|Any CPU
		{2BDC6452-F713-4A1C-B95F-EFB003D56FB0}.Release|Any CPU.Build.0 = Release|Any CPU
		{215A6524-8826-4002-B869-06C0555D4FBE}.Debug|Any CPU.ActiveCfg = Debug|Any CPU
		{215A6524-8826-4002-B869-06C0555D4FBE}.Debug|Any CPU.Build.0 = Debug|Any CPU
		{215A6524-8826-4002-B869-06C0555D4FBE}.Release|Any CPU.ActiveCfg = Release|Any CPU
		{215A6524-8826-4002-B869-06C0555D4FBE}.Release|Any CPU.Build.0 = Release|Any CPU
		{F4D32212-CD0A-4C51-BE47-3EE4186D2628}.Debug|Any CPU.ActiveCfg = Debug|Any CPU
		{F4D32212-CD0A-4C51-BE47-3EE4186D2628}.Debug|Any CPU.Build.0 = Debug|Any CPU
		{F4D32212-CD0A-4C51-BE47-3EE4186D2628}.Release|Any CPU.ActiveCfg = Release|Any CPU
		{F4D32212-CD0A-4C51-BE47-3EE4186D2628}.Release|Any CPU.Build.0 = Release|Any CPU
		{691EA307-0A13-4D70-8510-FDC07907E01D}.Debug|Any CPU.ActiveCfg = Debug|Any CPU
		{691EA307-0A13-4D70-8510-FDC07907E01D}.Debug|Any CPU.Build.0 = Debug|Any CPU
		{691EA307-0A13-4D70-8510-FDC07907E01D}.Release|Any CPU.ActiveCfg = Release|Any CPU
		{691EA307-0A13-4D70-8510-FDC07907E01D}.Release|Any CPU.Build.0 = Release|Any CPU
		{21C45968-EFFB-4B9E-9568-277BEDA82EC4}.Debug|Any CPU.ActiveCfg = Debug|Any CPU
		{21C45968-EFFB-4B9E-9568-277BEDA82EC4}.Debug|Any CPU.Build.0 = Debug|Any CPU
		{21C45968-EFFB-4B9E-9568-277BEDA82EC4}.Release|Any CPU.ActiveCfg = Release|Any CPU
		{21C45968-EFFB-4B9E-9568-277BEDA82EC4}.Release|Any CPU.Build.0 = Release|Any CPU
	EndGlobalSection
	GlobalSection(SolutionProperties) = preSolution
		HideSolutionNode = FALSE
	EndGlobalSection
	GlobalSection(NestedProjects) = preSolution
		{2BDC6452-F713-4A1C-B95F-EFB003D56FB0} = {A6B6EB41-769C-4569-A691-1BBBAA80C1DD}
		{215A6524-8826-4002-B869-06C0555D4FBE} = {886746BD-EA06-4D88-8FA1-181E0347E678}
		{F4D32212-CD0A-4C51-BE47-3EE4186D2628} = {A6B6EB41-769C-4569-A691-1BBBAA80C1DD}
		{0BFD88AB-1E6A-40D9-9513-B230FC5B00B0} = {0F31895E-1A65-4417-9187-11AFE1065459}
		{691EA307-0A13-4D70-8510-FDC07907E01D} = {0BFD88AB-1E6A-40D9-9513-B230FC5B00B0}
		{21C45968-EFFB-4B9E-9568-277BEDA82EC4} = {A6B6EB41-769C-4569-A691-1BBBAA80C1DD}
	EndGlobalSection
	GlobalSection(ExtensibilityGlobals) = postSolution
		SolutionGuid = {A2EE4C09-BEF6-44F0-B5EB-DAC087712BA4}
	EndGlobalSection
EndGlobal
